
Microsoft Visual Studio Solution File, Format Version 12.00
# Visual Studio 2013
VisualStudioVersion = 12.0.21005.1
MinimumVisualStudioVersion = 10.0.40219.1
Project("{FAE04EC0-301F-11D3-BF4B-00C04F79EFBC}") = "iFactr.Console", "iFactr.Console\iFactr.Console.csproj", "{5EAC27A1-C793-4ABC-B8BA-A51D48B88B2E}"
EndProject
Project("{FAE04EC0-301F-11D3-BF4B-00C04F79EFBC}") = "iFactr.Wpf", "iFactr.Wpf\iFactr.Wpf.csproj", "{11F0CBC1-F00C-4CD0-ACC1-8DAD1BEAE759}"
EndProject
Project("{2150E333-8FDC-42A3-9474-1A3956D46DE8}") = "Bindings", "Bindings", "{DDA8D1F3-320E-4A3A-97F0-DEAA32CC9ED7}"
EndProject
Global
	GlobalSection(SolutionConfigurationPlatforms) = preSolution
		Debug|Any CPU = Debug|Any CPU
		Release|Any CPU = Release|Any CPU
	EndGlobalSection
	GlobalSection(ProjectConfigurationPlatforms) = postSolution
		{5EAC27A1-C793-4ABC-B8BA-A51D48B88B2E}.Debug|Any CPU.ActiveCfg = Debug|Any CPU
		{5EAC27A1-C793-4ABC-B8BA-A51D48B88B2E}.Debug|Any CPU.Build.0 = Debug|Any CPU
		{5EAC27A1-C793-4ABC-B8BA-A51D48B88B2E}.Release|Any CPU.ActiveCfg = Release|Any CPU
		{5EAC27A1-C793-4ABC-B8BA-A51D48B88B2E}.Release|Any CPU.Build.0 = Release|Any CPU
		{11F0CBC1-F00C-4CD0-ACC1-8DAD1BEAE759}.Debug|Any CPU.ActiveCfg = Debug|Any CPU
		{11F0CBC1-F00C-4CD0-ACC1-8DAD1BEAE759}.Debug|Any CPU.Build.0 = Debug|Any CPU
		{11F0CBC1-F00C-4CD0-ACC1-8DAD1BEAE759}.Release|Any CPU.ActiveCfg = Release|Any CPU
		{11F0CBC1-F00C-4CD0-ACC1-8DAD1BEAE759}.Release|Any CPU.Build.0 = Release|Any CPU
	EndGlobalSection
	GlobalSection(SolutionProperties) = preSolution
		HideSolutionNode = FALSE
	EndGlobalSection
	GlobalSection(NestedProjects) = preSolution
		{11F0CBC1-F00C-4CD0-ACC1-8DAD1BEAE759} = {DDA8D1F3-320E-4A3A-97F0-DEAA32CC9ED7}
		{5EAC27A1-C793-4ABC-B8BA-A51D48B88B2E} = {DDA8D1F3-320E-4A3A-97F0-DEAA32CC9ED7}
	EndGlobalSection
EndGlobal
